<?xml version="1.0" encoding="UTF-8"?>
<Scheme LastUpgradeVersion="2700" version="1.7">
 <BuildAction parallelizeBuildables="YES" buildImplicitDependencies="YES">
  <BuildActionEntries>
   <BuildActionEntry buildForTesting="YES" buildForRunning="YES" buildForProfiling="NO" buildForArchiving="NO" buildForAnalyzing="YES">
    <BuildableReference BuildableIdentifier="primary" BlueprintIdentifier="5DF6F94716FBD940099F2324" BuildableName="Recipe.app" BlueprintName="Recipe" ReferencedContainer="container:Recipe.xcodeproj"/>
   </BuildActionEntry>
  </BuildActionEntries>
 </BuildAction>
 <TestAction buildConfiguration="Debug" selectedDebuggerIdentifier="Xcode.DebuggerFoundation.Debugger.LLDB" selectedLauncherIdentifier="Xcode.IDEFoundation.Launcher.LLDB" shouldUseLaunchSchemeArgsEnv="YES">
  <TestPlans>
   <TestPlanReference reference="container:RecipeStoreKit.xctestplan" default="YES"/>
  </TestPlans>
 </TestAction>
 <LaunchAction buildConfiguration="Debug" selectedDebuggerIdentifier="Xcode.DebuggerFoundation.Debugger.LLDB" selectedLauncherIdentifier="Xcode.IDEFoundation.Launcher.LLDB" launchStyle="0" useCustomWorkingDirectory="NO" ignoresPersistentStateOnLaunch="NO" debugDocumentVersioning="YES" debugServiceExtension="internal" allowLocationSimulation="NO">
  <BuildableProductRunnable runnableDebuggingMode="0">
   <BuildableReference BuildableIdentifier="primary" BlueprintIdentifier="5DF6F94716FBD940099F2324" BuildableName="Recipe.app" BlueprintName="Recipe" ReferencedContainer="container:Recipe.xcodeproj"/>
  </BuildableProductRunnable>
  <StoreKitConfigurationFileReference identifier="../../RecipeSubscriptionTests.storekit"/>
 </LaunchAction>
 <AnalyzeAction buildConfiguration="Debug"/>
</Scheme>
