// !$*UTF8*$!
{
	archiveVersion = 1;
	classes = {
	};
	objectVersion = 56;
	objects = {
        D03100000000000000000001 = { isa = PBXFileReference; lastKnownFileType = sourcecode.swift; path = "Recipe/Services/RecipeRemoteImportService.swift"; sourceTree = "<group>"; };
        D03100000000000000000002 = { isa = PBXBuildFile; fileRef = "D03100000000000000000001"; };
        B30000000000000000000020 = { isa = PBXFileReference; lastKnownFileType = sourcecode.swift; path = "Recipe/Services/RecipeShareInboxCoordinator.swift"; sourceTree = "<group>"; };
        B30000000000000000000021 = { isa = PBXBuildFile; fileRef = "B30000000000000000000020"; };
        B30000000000000000000022 = { isa = PBXFileReference; lastKnownFileType = sourcecode.swift; path = "Recipe/Services/RecipeImportJobService.swift"; sourceTree = "<group>"; };
        B30000000000000000000023 = { isa = PBXBuildFile; fileRef = "B30000000000000000000022"; };
        A11200000000000000000001 = { isa = PBXFileReference; lastKnownFileType = sourcecode.swift; path = "Recipe/Services/RecipeImportArtifactService.swift"; sourceTree = "<group>"; };
        A11200000000000000000002 = { isa = PBXBuildFile; fileRef = "A11200000000000000000001"; };
        D13700000000000000000001 = { isa = PBXFileReference; lastKnownFileType = sourcecode.swift; path = "Recipe/Services/RecipePerformanceFixtures.swift"; sourceTree = "<group>"; };
        D13700000000000000000002 = { isa = PBXBuildFile; fileRef = "D13700000000000000000001"; };

        B30000000000000000000001 = { isa = PBXFileReference; lastKnownFileType = sourcecode.swift; path = "ShareExtension/ShareViewController.swift"; sourceTree = "<group>"; };
        B30000000000000000000002 = { isa = PBXFileReference; lastKnownFileType = sourcecode.swift; path = "ShareExtension/ShareRootView.swift"; sourceTree = "<group>"; };
        B30000000000000000000003 = { isa = PBXFileReference; lastKnownFileType = text.plist.xml; path = "ShareExtension/Info.plist"; sourceTree = "<group>"; };
        C62600000000000000000101 = { isa = PBXFileReference; lastKnownFileType = text.json.xcstrings; path = "ShareExtension/Localizable.xcstrings"; sourceTree = "<group>"; };
        C62600000000000000000102 = { isa = PBXBuildFile; fileRef = "C62600000000000000000101"; };
        C62600000000000000000103 = { isa = PBXFileReference; lastKnownFileType = text.json.xcstrings; path = "ShareExtension/InfoPlist.xcstrings"; sourceTree = "<group>"; };
        C62600000000000000000104 = { isa = PBXBuildFile; fileRef = "C62600000000000000000103"; };
        B30000000000000000000024 = { isa = PBXBuildFile; fileRef = "51CF165429D76650010C25E5"; };
        B30000000000000000000004 = { isa = PBXFileReference; lastKnownFileType = text.plist.entitlements; path = "ShareExtension/ShareExtension.entitlements"; sourceTree = "<group>"; };
        B30000000000000000000005 = { isa = PBXFileReference; explicitFileType = "wrapper.app-extension"; includeInIndex = 0; path = "RecipeShare.appex"; sourceTree = "BUILT_PRODUCTS_DIR"; };
        A12900000000000000000010 = { isa = PBXFileReference; explicitFileType = "wrapper.cfbundle"; includeInIndex = 0; path = "RecipeTests.xctest"; sourceTree = "BUILT_PRODUCTS_DIR"; };
        B30000000000000000000006 = { isa = PBXBuildFile; fileRef = "B30000000000000000000001"; };
        B30000000000000000000007 = { isa = PBXBuildFile; fileRef = "B30000000000000000000002"; };
        B30000000000000000000008 = { isa = PBXBuildFile; productRef = "81B19488E5437AEDF9981AA7"; };
        B30000000000000000000009 = { isa = PBXBuildFile; fileRef = "B30000000000000000000005"; settings = { ATTRIBUTES = (CodeSignOnCopy, RemoveHeadersOnCopy,); }; };
        B3000000000000000000000A = {
            isa = PBXSourcesBuildPhase;
            buildActionMask = 2147483647;
            files = ("B30000000000000000000006", "B30000000000000000000007",);
            runOnlyForDeploymentPostprocessing = 0;
        };
        B3000000000000000000000B = {
            isa = PBXFrameworksBuildPhase;
            buildActionMask = 2147483647;
            files = ("B30000000000000000000008",);
            runOnlyForDeploymentPostprocessing = 0;
        };
        B3000000000000000000000C = {
            isa = PBXResourcesBuildPhase;
            buildActionMask = 2147483647;
            files = ("C62600000000000000000102", "C62600000000000000000104", "B30000000000000000000024",);
            runOnlyForDeploymentPostprocessing = 0;
        };
        B3000000000000000000000D = {
            isa = PBXCopyFilesBuildPhase;
            buildActionMask = 2147483647;
            dstPath = "";
            dstSubfolderSpec = 13;
            files = ("B30000000000000000000009",);
            name = "Embed App Extensions";
            runOnlyForDeploymentPostprocessing = 0;
        };
        B3000000000000000000000F = {
            isa = XCBuildConfiguration;
            buildSettings = {
                APPLICATION_EXTENSION_API_ONLY = "YES";
                CODE_SIGN_STYLE = "Automatic";
                CODE_SIGN_ENTITLEMENTS = "ShareExtension/ShareExtension.entitlements";
                CURRENT_PROJECT_VERSION = "1";
                DEVELOPMENT_TEAM = "";
                GENERATE_INFOPLIST_FILE = "NO";
                INFOPLIST_FILE = "ShareExtension/Info.plist";
                IPHONEOS_DEPLOYMENT_TARGET = "18.0";
                LD_RUNPATH_SEARCH_PATHS = ("$(inherited)", "@executable_path/Frameworks", "@executable_path/../../Frameworks",);
                MARKETING_VERSION = "0.1.0";
                PRODUCT_BUNDLE_IDENTIFIER = "com.shopkivoo.recipe.ShareExtension";
                PRODUCT_NAME = "$(TARGET_NAME)";
                SKIP_INSTALL = "YES";
                SWIFT_VERSION = "6.0";
            };
            name = "Debug";
        };
        B30000000000000000000010 = {
            isa = XCBuildConfiguration;
            buildSettings = {
                APPLICATION_EXTENSION_API_ONLY = "YES";
                CODE_SIGN_STYLE = "Automatic";
                CODE_SIGN_ENTITLEMENTS = "ShareExtension/ShareExtension.entitlements";
                CURRENT_PROJECT_VERSION = "1";
                DEVELOPMENT_TEAM = "";
                GENERATE_INFOPLIST_FILE = "NO";
                INFOPLIST_FILE = "ShareExtension/Info.plist";
                IPHONEOS_DEPLOYMENT_TARGET = "18.0";
                LD_RUNPATH_SEARCH_PATHS = ("$(inherited)", "@executable_path/Frameworks", "@executable_path/../../Frameworks",);
                MARKETING_VERSION = "0.1.0";
                PRODUCT_BUNDLE_IDENTIFIER = "com.shopkivoo.recipe.ShareExtension";
                PRODUCT_NAME = "$(TARGET_NAME)";
                SKIP_INSTALL = "YES";
                SWIFT_VERSION = "6.0";
            };
            name = "Release";
        };
        B30000000000000000000011 = {
            isa = XCConfigurationList;
            buildConfigurations = ("B3000000000000000000000F", "B30000000000000000000010",);
            defaultConfigurationIsVisible = 0;
            defaultConfigurationName = "Release";
        };
        B3000000000000000000000E = {
            isa = PBXNativeTarget;
            buildConfigurationList = "B30000000000000000000011";
            buildPhases = ("B3000000000000000000000A", "B3000000000000000000000B", "B3000000000000000000000C",);
            buildRules = ();
            dependencies = ();
            name = "RecipeShare";
            packageProductDependencies = ("81B19488E5437AEDF9981AA7",);
            productName = "RecipeShare";
            productReference = "B30000000000000000000005";
            productType = "com.apple.product-type.app-extension";
        };
        B30000000000000000000012 = {
            isa = PBXContainerItemProxy;
            containerPortal = "636D07FE5D129B92AEF8A1B0";
            proxyType = 1;
            remoteGlobalIDString = "B3000000000000000000000E";
            remoteInfo = "RecipeShare";
        };
        B30000000000000000000013 = {
            isa = PBXTargetDependency;
            target = "B3000000000000000000000E";
            targetProxy = "B30000000000000000000012";
        };
        C62600000000000000000001 = { isa = PBXFileReference; lastKnownFileType = text.json.xcstrings; path = "Recipe/Resources/Localizable.xcstrings"; sourceTree = "<group>"; };
        C62600000000000000000002 = { isa = PBXFileReference; lastKnownFileType = text.json.xcstrings; path = "Recipe/Resources/InfoPlist.xcstrings"; sourceTree = "<group>"; };
        C62600000000000000000003 = { isa = PBXBuildFile; fileRef = "C62600000000000000000001"; };
        C62600000000000000000004 = { isa = PBXBuildFile; fileRef = "C62600000000000000000002"; };
		AAA100000000000000000001 = { isa = PBXFileReference; lastKnownFileType = sourcecode.swift; path = "Recipe/Features/AccountView.swift"; sourceTree = "<group>"; };
		AAA100000000000000000002 = { isa = PBXFileReference; lastKnownFileType = sourcecode.swift; path = "Recipe/Features/SubscriptionView.swift"; sourceTree = "<group>"; };
		AAA100000000000000000003 = { isa = PBXFileReference; lastKnownFileType = sourcecode.swift; path = "Recipe/Features/SettingsHubView.swift"; sourceTree = "<group>"; };
		AAA100000000000000000004 = { isa = PBXFileReference; lastKnownFileType = sourcecode.swift; path = "Recipe/Features/SettingsSecondaryViews.swift"; sourceTree = "<group>"; };
		AAA100000000000000000005 = { isa = PBXFileReference; lastKnownFileType = sourcecode.swift; path = "Recipe/Features/CollectionsView.swift"; sourceTree = "<group>"; };
		AAA100000000000000000006 = { isa = PBXFileReference; lastKnownFileType = sourcecode.swift; path = "Recipe/Services/SubscriptionStore.swift"; sourceTree = "<group>"; };
		AAA100000000000000000007 = { isa = PBXFileReference; lastKnownFileType = sourcecode.swift; path = "Recipe/Services/CloudSyncService.swift"; sourceTree = "<group>"; };
		F1A100000000000000000001 = { isa = PBXFileReference; lastKnownFileType = sourcecode.swift; path = "Recipe/Features/FirstLaunchView.swift"; sourceTree = "<group>"; };
		F1A300000000000000000001 = { isa = PBXFileReference; lastKnownFileType = text.plist.entitlements; path = "Recipe/Recipe.entitlements"; sourceTree = "<group>"; };
		CA2500000000000000000001 = { isa = PBXFileReference; lastKnownFileType = sourcecode.swift; path = "Recipe/Services/RecipeAuthService.swift"; sourceTree = "<group>"; };
		CA2500000000000000000002 = { isa = PBXFileReference; lastKnownFileType = sourcecode.swift; path = "Recipe/Services/SupabaseConfiguration.swift"; sourceTree = "<group>"; };
		CA2500000000000000000010 = { isa = PBXFileReference; lastKnownFileType = sourcecode.swift; path = "RecipeUITests/RecipeAuthServiceTests.swift"; sourceTree = "<group>"; };
		A12900000000000000000041 = { isa = PBXFileReference; lastKnownFileType = sourcecode.swift; path = "RecipeUITests/RecipeTestIsolationTests.swift"; sourceTree = "<group>"; };
		AAA200000000000000000001 = { isa = PBXBuildFile; fileRef = "AAA100000000000000000001"; };
		AAA200000000000000000002 = { isa = PBXBuildFile; fileRef = "AAA100000000000000000002"; };
		AAA200000000000000000003 = { isa = PBXBuildFile; fileRef = "AAA100000000000000000003"; };
		AAA200000000000000000004 = { isa = PBXBuildFile; fileRef = "AAA100000000000000000004"; };
		AAA200000000000000000005 = { isa = PBXBuildFile; fileRef = "AAA100000000000000000005"; };
		AAA200000000000000000006 = { isa = PBXBuildFile; fileRef = "AAA100000000000000000006"; };
		AAA200000000000000000007 = { isa = PBXBuildFile; fileRef = "AAA100000000000000000007"; };
		F1A200000000000000000001 = { isa = PBXBuildFile; fileRef = "F1A100000000000000000001"; };
		CA2500000000000000000003 = { isa = PBXBuildFile; fileRef = "CA2500000000000000000001"; };
		CA2500000000000000000004 = { isa = PBXBuildFile; fileRef = "CA2500000000000000000002"; };
        A12900000000000000000011 = { isa = PBXBuildFile; fileRef = "CA2500000000000000000010"; };
        A12900000000000000000042 = { isa = PBXBuildFile; fileRef = "A12900000000000000000041"; };
        A13200000000000000000001 = { isa = PBXFileReference; lastKnownFileType = sourcecode.swift; path = "RecipeUITests/RecipeSubscriptionStoreTests.swift"; sourceTree = "<group>"; };
        A13200000000000000000002 = { isa = PBXBuildFile; fileRef = "A13200000000000000000001"; };
        A13200000000000000000003 = { isa = PBXBuildFile; fileRef = "A1EB8E3F636FCBAC5D3A924B"; };
        A12900000000000000000012 = { isa = PBXBuildFile; productRef = "A12900000000000000000015"; };
        A12900000000000000000013 = { isa = PBXBuildFile; productRef = "A12900000000000000000016"; };
		7C1B02F888659FCC7085FB42 = {
			isa = "PBXFileReference";
			lastKnownFileType = "sourcecode.swift";
			path = "Recipe/RecipeApp.swift";
			sourceTree = "<group>";
		};
		25F62E34DA12429ADED41B5F = {
			isa = "PBXFileReference";
			lastKnownFileType = "sourcecode.swift";
			path = "Recipe/Design/RecipeTheme.swift";
			sourceTree = "<group>";
		};
		FE3B512044F19473C69E8EE8 = {
			isa = "PBXFileReference";
			lastKnownFileType = "sourcecode.swift";
			path = "Recipe/Features/AddRecipeView.swift";
			sourceTree = "<group>";
		};
		81D341FEC4D583D159A81472 = {
			isa = "PBXFileReference";
			lastKnownFileType = "sourcecode.swift";
			path = "Recipe/Features/CookingView.swift";
			sourceTree = "<group>";
		};
		786F148031409E6B91BA7ADA = {
			isa = "PBXFileReference";
			lastKnownFileType = "sourcecode.swift";
			path = "Recipe/Features/GroceriesView.swift";
			sourceTree = "<group>";
		};
		7A102E6D3C8D84A4A367FDD5 = {
			isa = "PBXFileReference";
			lastKnownFileType = "sourcecode.swift";
			path = "Recipe/Features/MealPlanView.swift";
			sourceTree = "<group>";
		};
		F65667ACEBFD515914EC0D62 = {
			isa = "PBXFileReference";
			lastKnownFileType = "sourcecode.swift";
			path = "Recipe/Features/ProfileView.swift";
			sourceTree = "<group>";
		};
		A6448F594722D50C0B4D3C39 = {
			isa = "PBXFileReference";
			lastKnownFileType = "sourcecode.swift";
			path = "Recipe/Features/RecipeDetailView.swift";
			sourceTree = "<group>";
		};
		9696C707DA8B370D6D692CD7 = {
			isa = "PBXFileReference";
			lastKnownFileType = "sourcecode.swift";
			path = "Recipe/Features/RecipeEditorView.swift";
			sourceTree = "<group>";
		};
		3EF2BCDD909998F5F61D4CDB = {
			isa = "PBXFileReference";
			lastKnownFileType = "sourcecode.swift";
			path = "Recipe/Features/RecipesView.swift";
			sourceTree = "<group>";
		};
		BF8828F17030551D9B2CAB26 = {
			isa = "PBXFileReference";
			lastKnownFileType = "sourcecode.swift";
			path = "Recipe/Services/RecipeImportService.swift";
			sourceTree = "<group>";
		};
		9CBEA84D8BBB3B9544C8F4D1 = {
			isa = "PBXFileReference";
			lastKnownFileType = "sourcecode.swift";
			path = "Recipe/Services/TimerNotifications.swift";
			sourceTree = "<group>";
		};
		2CC9A60EF26491F8B85CECA8 = {
			isa = "PBXFileReference";
			lastKnownFileType = "sourcecode.swift";
			path = "RecipeUITests/RecipeUITests.swift";
			sourceTree = "<group>";
		};
		E9F6D189A93398EC97CBA986 = {
			isa = "PBXFileReference";
			lastKnownFileType = "folder.assetcatalog";
			path = "Recipe/Resources/Assets.xcassets";
			sourceTree = "<group>";
		};
		37A36EE21470843AA7099FE2 = {
			isa = "PBXFileReference";
			lastKnownFileType = "text.xml";
			path = "Recipe/Resources/PrivacyInfo.xcprivacy";
			sourceTree = "<group>";
		};
		AE883F1AB828ECB1CD171547 = {
			isa = "PBXFileReference";
			lastKnownFileType = "text";
			path = "Recipe/Resources/Fonts/OFL-Lora.txt";
			sourceTree = "<group>";
		};
		51CF165429D76650010C25E5 = {
			isa = "PBXFileReference";
			lastKnownFileType = "file";
			path = "Recipe/Resources/Fonts/Lora-Variable.ttf";
			sourceTree = "<group>";
		};
		A1EB8E3F636FCBAC5D3A924A = {
			isa = "PBXFileReference";
			lastKnownFileType = "text.plist.xml";
			path = "Recipe/Info.plist";
			sourceTree = "<group>";
		};
		A1EB8E3F636FCBAC5D3A924B = {
			isa = "PBXFileReference";
			lastKnownFileType = text;
			path = "RecipeSubscriptionTests.storekit";
			sourceTree = "<group>";
		};
		A1EB8E3F636FCBAC5D3A924C = {
			isa = "PBXBuildFile";
			fileRef = "A1EB8E3F636FCBAC5D3A924B";
		};
		AC588DFE6AAAFD0A6E5A845B = {
			isa = "PBXBuildFile";
			fileRef = "7C1B02F888659FCC7085FB42";
		};
		DA6D9B27B72F9AE3D1D35749 = {
			isa = "PBXBuildFile";
			fileRef = "25F62E34DA12429ADED41B5F";
		};
		FF3C315421B30B21C7C3339D = {
			isa = "PBXBuildFile";
			fileRef = "FE3B512044F19473C69E8EE8";
		};
		20ED147A82CFE498B93EB65E = {
			isa = "PBXBuildFile";
			fileRef = "81D341FEC4D583D159A81472";
		};
		61513BA408E7656EEC09CFAD = {
			isa = "PBXBuildFile";
			fileRef = "786F148031409E6B91BA7ADA";
		};
		234268BC0AEB51CA025A79A0 = {
			isa = "PBXBuildFile";
			fileRef = "7A102E6D3C8D84A4A367FDD5";
		};
		AE66869D05074B73E99A57E7 = {
			isa = "PBXBuildFile";
			fileRef = "F65667ACEBFD515914EC0D62";
		};
		823FF96B6BB0C155A665B9D2 = {
			isa = "PBXBuildFile";
			fileRef = "A6448F594722D50C0B4D3C39";
		};
		57BF063A132FD23333E7B829 = {
			isa = "PBXBuildFile";
			fileRef = "9696C707DA8B370D6D692CD7";
		};
		A23FED9D1148057EF181E0D9 = {
			isa = "PBXBuildFile";
			fileRef = "3EF2BCDD909998F5F61D4CDB";
		};
		A518CAD31E32DCED5F730BD9 = {
			isa = "PBXBuildFile";
			fileRef = "BF8828F17030551D9B2CAB26";
		};
		792F2C8F761542243D455254 = {
			isa = "PBXBuildFile";
			fileRef = "9CBEA84D8BBB3B9544C8F4D1";
		};
		74BF910B8994BB34E0FF806D = {
			isa = "PBXSourcesBuildPhase";
			buildActionMask = 2147483647;
			files = ("AAA200000000000000000001", "AAA200000000000000000002", "AAA200000000000000000003", "AAA200000000000000000004", "AAA200000000000000000005", "AAA200000000000000000006", "AAA200000000000000000007", "F1A200000000000000000001", "CA2500000000000000000003", "CA2500000000000000000004", "AC588DFE6AAAFD0A6E5A845B", "DA6D9B27B72F9AE3D1D35749", "FF3C315421B30B21C7C3339D", "20ED147A82CFE498B93EB65E", "61513BA408E7656EEC09CFAD", "234268BC0AEB51CA025A79A0", "AE66869D05074B73E99A57E7", "823FF96B6BB0C155A665B9D2", "57BF063A132FD23333E7B829", "A23FED9D1148057EF181E0D9", "A518CAD31E32DCED5F730BD9", "792F2C8F761542243D455254", "D03100000000000000000002", "B30000000000000000000021", "B30000000000000000000023", "A11200000000000000000002", "D13700000000000000000002",);
			runOnlyForDeploymentPostprocessing = 0;
		};
		80F7A89205DA9433FDFE452E = {
			isa = "PBXBuildFile";
			fileRef = "2CC9A60EF26491F8B85CECA8";
		};
        E6070659E02EF150F006F92C = {
            isa = "PBXSourcesBuildPhase";
            buildActionMask = 2147483647;
            files = ("80F7A89205DA9433FDFE452E",);
            runOnlyForDeploymentPostprocessing = 0;
        };
        A12900000000000000000020 = {
            isa = "PBXSourcesBuildPhase";
            buildActionMask = 2147483647;
            files = ("A12900000000000000000011", "A12900000000000000000042", "A13200000000000000000002",);
            runOnlyForDeploymentPostprocessing = 0;
        };
        A12900000000000000000021 = {
            isa = "PBXFrameworksBuildPhase";
            buildActionMask = 2147483647;
            files = ("A12900000000000000000012", "A12900000000000000000013",);
            runOnlyForDeploymentPostprocessing = 0;
        };
        A12900000000000000000022 = {
            isa = "PBXResourcesBuildPhase";
            buildActionMask = 2147483647;
            files = ("A13200000000000000000003",);
            runOnlyForDeploymentPostprocessing = 0;
        };
		044ABDC09B927641F43BEF9C = {
			isa = "PBXBuildFile";
			fileRef = "E9F6D189A93398EC97CBA986";
		};
		4886C7D26647AC1098D8C80C = {
			isa = "PBXBuildFile";
			fileRef = "37A36EE21470843AA7099FE2";
		};
		C4B7BCC6EB23B96DB35FEEE9 = {
			isa = "PBXBuildFile";
			fileRef = "AE883F1AB828ECB1CD171547";
		};
		D684CE5DC372862F50CB57A9 = {
			isa = "PBXBuildFile";
			fileRef = "51CF165429D76650010C25E5";
		};
		7299DDF9E5A6F115AC358FCF = {
			isa = "PBXResourcesBuildPhase";
			buildActionMask = 2147483647;
			files = ("044ABDC09B927641F43BEF9C", "4886C7D26647AC1098D8C80C", "C4B7BCC6EB23B96DB35FEEE9", "D684CE5DC372862F50CB57A9", "C62600000000000000000003", "C62600000000000000000004",);
			runOnlyForDeploymentPostprocessing = 0;
		};
		A47173FBEEEF97CA26286972 = {
			isa = "PBXResourcesBuildPhase";
			buildActionMask = 2147483647;
			files = ("A1EB8E3F636FCBAC5D3A924C",);
			runOnlyForDeploymentPostprocessing = 0;
		};
		E0BD853C4F100DAA8DCCA53D = {
			isa = "XCLocalSwiftPackageReference";
			relativePath = "RecipeCore";
		};
		81B19488E5437AEDF9981AA7 = {
			isa = "XCSwiftPackageProductDependency";
			package = "E0BD853C4F100DAA8DCCA53D";
			productName = "RecipeCore";
		};
		CA2500000000000000000005 = {
			isa = "XCRemoteSwiftPackageReference";
			repositoryURL = "https://github.com/supabase/supabase-swift.git";
			requirement = { kind = exactVersion; version = 2.55.3; };
		};
		CA2500000000000000000006 = {
			isa = "XCSwiftPackageProductDependency";
			package = "CA2500000000000000000005";
			productName = "Supabase";
		};
        CA2500000000000000000008 = {
            isa = "XCSwiftPackageProductDependency";
            package = "CA2500000000000000000005";
            productName = "Supabase";
        };
        A12900000000000000000015 = {
            isa = "XCSwiftPackageProductDependency";
            package = "E0BD853C4F100DAA8DCCA53D";
            productName = "RecipeCore";
        };
        A12900000000000000000016 = {
            isa = "XCSwiftPackageProductDependency";
            package = "CA2500000000000000000005";
            productName = "Supabase";
        };
		AADB53B4D5F92463C9E80ECC = {
			isa = "PBXBuildFile";
			productRef = "81B19488E5437AEDF9981AA7";
		};
		6247F0FCE5350E26B8E17325 = {
			isa = "PBXFrameworksBuildPhase";
			buildActionMask = 2147483647;
			files = ("AADB53B4D5F92463C9E80ECC", "CA2500000000000000000007",);
			runOnlyForDeploymentPostprocessing = 0;
		};
		CA2500000000000000000007 = {
			isa = "PBXBuildFile";
			productRef = "CA2500000000000000000006";
		};
		CA2500000000000000000009 = {
			isa = "PBXBuildFile";
			productRef = "CA2500000000000000000008";
		};
		FFE5C378BA8A3EFB16894AE7 = {
			isa = "PBXFrameworksBuildPhase";
			buildActionMask = 2147483647;
			files = ("CA2500000000000000000009",);
			runOnlyForDeploymentPostprocessing = 0;
		};
		33EB7E4766593ED0F8C0DADC = {
			isa = "PBXFileReference";
			explicitFileType = "wrapper.application";
			includeInIndex = 0;
			path = "Recipe.app";
			sourceTree = "BUILT_PRODUCTS_DIR";
		};
		36E3FB1B84BF6F1C18ECDF2B = {
			isa = "PBXFileReference";
			explicitFileType = "wrapper.cfbundle";
			includeInIndex = 0;
			path = "RecipeUITests.xctest";
			sourceTree = "BUILT_PRODUCTS_DIR";
		};
		29493F7A0A1DC0A29D62667D = {
			isa = "PBXGroup";
			children = ("33EB7E4766593ED0F8C0DADC", "36E3FB1B84BF6F1C18ECDF2B", "B30000000000000000000005", "A12900000000000000000010",);
			name = "Products";
			sourceTree = "<group>";
		};
		C9914A82A94653DFA8FC0769 = {
			isa = "PBXGroup";
			children = ("AAA100000000000000000001", "AAA100000000000000000002", "AAA100000000000000000003", "AAA100000000000000000004", "AAA100000000000000000005", "AAA100000000000000000006", "AAA100000000000000000007", "F1A100000000000000000001", "F1A300000000000000000001", "CA2500000000000000000001", "CA2500000000000000000002", "D03100000000000000000001", "B30000000000000000000020", "B30000000000000000000022", "A11200000000000000000001", "7C1B02F888659FCC7085FB42", "25F62E34DA12429ADED41B5F", "FE3B512044F19473C69E8EE8", "81D341FEC4D583D159A81472", "786F148031409E6B91BA7ADA", "7A102E6D3C8D84A4A367FDD5", "F65667ACEBFD515914EC0D62", "A6448F594722D50C0B4D3C39", "9696C707DA8B370D6D692CD7", "3EF2BCDD909998F5F61D4CDB", "BF8828F17030551D9B2CAB26", "9CBEA84D8BBB3B9544C8F4D1", "2CC9A60EF26491F8B85CECA8", "CA2500000000000000000010", "A12900000000000000000041", "A13200000000000000000001", "E9F6D189A93398EC97CBA986", "C62600000000000000000001", "C62600000000000000000002", "37A36EE21470843AA7099FE2", "AE883F1AB828ECB1CD171547", "51CF165429D76650010C25E5", "A1EB8E3F636FCBAC5D3A924A", "A1EB8E3F636FCBAC5D3A924B", "B30000000000000000000001", "B30000000000000000000002", "B30000000000000000000003", "B30000000000000000000004", "C62600000000000000000101", "C62600000000000000000103", "29493F7A0A1DC0A29D62667D", "D13700000000000000000001",);
			sourceTree = "<group>";
		};
		E13442276B1CDD054A10479A = {
			isa = "PBXContainerItemProxy";
			containerPortal = "636D07FE5D129B92AEF8A1B0";
			proxyType = 1;
			remoteGlobalIDString = "5DF6F94716FBD940099F2324";
			remoteInfo = "Recipe";
		};
		231C25ED7F589536C5B74EFC = {
			isa = "PBXTargetDependency";
			target = "5DF6F94716FBD940099F2324";
			targetProxy = "E13442276B1CDD054A10479A";
		};
		685122324FA29CAF890FBC09 = {
			isa = "XCBuildConfiguration";
			buildSettings = {
				ASSETCATALOG_COMPILER_APPICON_NAME = "AppIcon";
				CODE_SIGN_STYLE = "Automatic";
				CODE_SIGN_ENTITLEMENTS = "Recipe/Recipe.entitlements";
				CURRENT_PROJECT_VERSION = "1";
				DEVELOPMENT_TEAM = "";
				GENERATE_INFOPLIST_FILE = "NO";
				INFOPLIST_FILE = "Recipe/Info.plist";
				RECIPE_SUBSCRIPTION_PRODUCT_IDS = "com.shopkivoo.recipe.pro.monthly,com.shopkivoo.recipe.pro.yearly";
				MARKETING_VERSION = "0.1.0";
				PRODUCT_BUNDLE_IDENTIFIER = "com.shopkivoo.recipe";
				PRODUCT_NAME = "$(TARGET_NAME)";
				SUPPORTED_PLATFORMS = "iphoneos iphonesimulator";
				SUPPORTS_MACCATALYST = "NO";
				SUPPORTS_MAC_DESIGNED_FOR_IPHONE_IPAD = "NO";
				LD_RUNPATH_SEARCH_PATHS = ("$(inherited)", "@executable_path/Frameworks",);
			};
			name = "Debug";
		};
		2EC35BD41502CDA94170C487 = {
			isa = "XCBuildConfiguration";
			buildSettings = {
				ASSETCATALOG_COMPILER_APPICON_NAME = "AppIcon";
				CODE_SIGN_STYLE = "Automatic";
				CODE_SIGN_ENTITLEMENTS = "Recipe/Recipe.entitlements";
				CURRENT_PROJECT_VERSION = "1";
				DEVELOPMENT_TEAM = "";
				GENERATE_INFOPLIST_FILE = "NO";
				INFOPLIST_FILE = "Recipe/Info.plist";
				RECIPE_SUBSCRIPTION_PRODUCT_IDS = "com.shopkivoo.recipe.pro.monthly,com.shopkivoo.recipe.pro.yearly";
				MARKETING_VERSION = "0.1.0";
				PRODUCT_BUNDLE_IDENTIFIER = "com.shopkivoo.recipe";
				PRODUCT_NAME = "$(TARGET_NAME)";
				SUPPORTED_PLATFORMS = "iphoneos iphonesimulator";
				SUPPORTS_MACCATALYST = "NO";
				SUPPORTS_MAC_DESIGNED_FOR_IPHONE_IPAD = "NO";
				LD_RUNPATH_SEARCH_PATHS = ("$(inherited)", "@executable_path/Frameworks",);
			};
			name = "Release";
		};
		D92899864829D3A746901577 = {
			isa = "XCConfigurationList";
			buildConfigurations = ("685122324FA29CAF890FBC09", "2EC35BD41502CDA94170C487",);
			defaultConfigurationIsVisible = 0;
			defaultConfigurationName = "Release";
		};
		5DF6F94716FBD940099F2324 = {
			isa = "PBXNativeTarget";
			buildConfigurationList = "D92899864829D3A746901577";
			buildPhases = ("74BF910B8994BB34E0FF806D", "6247F0FCE5350E26B8E17325", "7299DDF9E5A6F115AC358FCF", "B3000000000000000000000D",);
			buildRules = ();
			dependencies = ("B30000000000000000000013",);
			name = "Recipe";
			packageProductDependencies = ("81B19488E5437AEDF9981AA7", "CA2500000000000000000006",);
			productName = "Recipe";
			productReference = "33EB7E4766593ED0F8C0DADC";
			productType = "com.apple.product-type.application";
		};
		2877A2454DF336449D939893 = {
			isa = "XCBuildConfiguration";
			buildSettings = {
				CODE_SIGN_STYLE = "Automatic";
				GENERATE_INFOPLIST_FILE = "YES";
				PRODUCT_BUNDLE_IDENTIFIER = "com.modelhub.recipeUITests";
				PRODUCT_NAME = "$(TARGET_NAME)";
				SUPPORTED_PLATFORMS = "iphoneos iphonesimulator";
				TEST_TARGET_NAME = "Recipe";
				LD_RUNPATH_SEARCH_PATHS = ("$(inherited)", "@executable_path/Frameworks", "@loader_path/Frameworks",);
			};
			name = "Debug";
		};
        DF6CC9A37097903E086E3707 = {
			isa = "XCBuildConfiguration";
			buildSettings = {
				CODE_SIGN_STYLE = "Automatic";
				GENERATE_INFOPLIST_FILE = "YES";
				PRODUCT_BUNDLE_IDENTIFIER = "com.modelhub.recipeUITests";
				PRODUCT_NAME = "$(TARGET_NAME)";
				SUPPORTED_PLATFORMS = "iphoneos iphonesimulator";
				TEST_TARGET_NAME = "Recipe";
				LD_RUNPATH_SEARCH_PATHS = ("$(inherited)", "@executable_path/Frameworks", "@loader_path/Frameworks",);
			};
            name = "Release";
        };
        A12900000000000000000030 = {
            isa = "XCBuildConfiguration";
            buildSettings = {
                BUNDLE_LOADER = "$(TEST_HOST)";
                CODE_SIGN_STYLE = "Automatic";
                GENERATE_INFOPLIST_FILE = "YES";
                IPHONEOS_DEPLOYMENT_TARGET = "18.0";
                PRODUCT_BUNDLE_IDENTIFIER = "com.modelhub.recipeTests";
                PRODUCT_NAME = "$(TARGET_NAME)";
                SUPPORTED_PLATFORMS = "iphoneos iphonesimulator";
                SWIFT_VERSION = "6.0";
                TARGETED_DEVICE_FAMILY = "1";
                TEST_HOST = "$(BUILT_PRODUCTS_DIR)/Recipe.app/Recipe";
                LD_RUNPATH_SEARCH_PATHS = ("$(inherited)", "@executable_path/Frameworks", "@loader_path/Frameworks",);
            };
            name = "Debug";
        };
        A12900000000000000000031 = {
            isa = "XCBuildConfiguration";
            buildSettings = {
                BUNDLE_LOADER = "$(TEST_HOST)";
                CODE_SIGN_STYLE = "Automatic";
                GENERATE_INFOPLIST_FILE = "YES";
                IPHONEOS_DEPLOYMENT_TARGET = "18.0";
                PRODUCT_BUNDLE_IDENTIFIER = "com.modelhub.recipeTests";
                PRODUCT_NAME = "$(TARGET_NAME)";
                SUPPORTED_PLATFORMS = "iphoneos iphonesimulator";
                SWIFT_VERSION = "6.0";
                TARGETED_DEVICE_FAMILY = "1";
                TEST_HOST = "$(BUILT_PRODUCTS_DIR)/Recipe.app/Recipe";
                LD_RUNPATH_SEARCH_PATHS = ("$(inherited)", "@executable_path/Frameworks", "@loader_path/Frameworks",);
            };
            name = "Release";
        };
        A12900000000000000000032 = {
            isa = "XCConfigurationList";
            buildConfigurations = ("A12900000000000000000030", "A12900000000000000000031",);
            defaultConfigurationIsVisible = 0;
            defaultConfigurationName = "Release";
        };
        A12900000000000000000033 = {
            isa = "PBXContainerItemProxy";
            containerPortal = "636D07FE5D129B92AEF8A1B0";
            proxyType = 1;
            remoteGlobalIDString = "5DF6F94716FBD940099F2324";
            remoteInfo = "Recipe";
        };
        A12900000000000000000034 = {
            isa = "PBXTargetDependency";
            target = "5DF6F94716FBD940099F2324";
            targetProxy = "A12900000000000000000033";
        };
        A12900000000000000000035 = {
            isa = "PBXNativeTarget";
            buildConfigurationList = "A12900000000000000000032";
            buildPhases = ("A12900000000000000000020", "A12900000000000000000021", "A12900000000000000000022",);
            buildRules = ();
            dependencies = ("A12900000000000000000034",);
            name = "RecipeTests";
            packageProductDependencies = ("A12900000000000000000015", "A12900000000000000000016",);
            productName = "RecipeTests";
            productReference = "A12900000000000000000010";
            productType = "com.apple.product-type.bundle.unit-test";
        };
        37E9DDA732639BAC9BF1722A = {
			isa = "XCConfigurationList";
			buildConfigurations = ("2877A2454DF336449D939893", "DF6CC9A37097903E086E3707",);
			defaultConfigurationIsVisible = 0;
			defaultConfigurationName = "Release";
		};
		4B556C01A3B5485ECB1BD618 = {
			isa = "PBXNativeTarget";
			buildConfigurationList = "37E9DDA732639BAC9BF1722A";
			buildPhases = ("E6070659E02EF150F006F92C", "FFE5C378BA8A3EFB16894AE7", "A47173FBEEEF97CA26286972",);
			buildRules = ();
			dependencies = ("231C25ED7F589536C5B74EFC",);
			name = "RecipeUITests";
			productName = "RecipeUITests";
			productReference = "36E3FB1B84BF6F1C18ECDF2B";
			packageProductDependencies = ("CA2500000000000000000008",);
			productType = "com.apple.product-type.bundle.ui-testing";
		};
		B2EA1733EDBA29A61860E9F2 = {
			isa = "XCBuildConfiguration";
			buildSettings = {
				CLANG_ENABLE_MODULES = "YES";
				CLANG_ENABLE_OBJC_ARC = "YES";
				IPHONEOS_DEPLOYMENT_TARGET = "18.0";
				SDKROOT = "iphoneos";
				SWIFT_VERSION = "6.0";
				SWIFT_STRICT_CONCURRENCY = "complete";
				TARGETED_DEVICE_FAMILY = "1";
				ENABLE_USER_SCRIPT_SANDBOXING = "YES";
				SWIFT_OPTIMIZATION_LEVEL = "-Onone";
				DEBUG_INFORMATION_FORMAT = "dwarf";
				SWIFT_ACTIVE_COMPILATION_CONDITIONS = ("DEBUG", "$(inherited)",);
				ENABLE_TESTABILITY = "YES";
				ONLY_ACTIVE_ARCH = "YES";
			};
			name = "Debug";
		};
		AF640BA8E42F28862443C9C7 = {
			isa = "XCBuildConfiguration";
			buildSettings = {
				CLANG_ENABLE_MODULES = "YES";
				CLANG_ENABLE_OBJC_ARC = "YES";
				IPHONEOS_DEPLOYMENT_TARGET = "18.0";
				SDKROOT = "iphoneos";
				SWIFT_VERSION = "6.0";
				SWIFT_STRICT_CONCURRENCY = "complete";
				TARGETED_DEVICE_FAMILY = "1";
				ENABLE_USER_SCRIPT_SANDBOXING = "YES";
				SWIFT_OPTIMIZATION_LEVEL = "-O";
				DEBUG_INFORMATION_FORMAT = "dwarf-with-dsym";
			};
			name = "Release";
		};
		C845F4CCB9DB0D7AEAC322D7 = {
			isa = "XCConfigurationList";
			buildConfigurations = ("B2EA1733EDBA29A61860E9F2", "AF640BA8E42F28862443C9C7",);
			defaultConfigurationIsVisible = 0;
			defaultConfigurationName = "Release";
		};
		636D07FE5D129B92AEF8A1B0 = {
			isa = "PBXProject";
			attributes = {
				BuildIndependentTargetsInParallel = "YES";
				LastUpgradeCheck = "2600";
				TargetAttributes = {
					5DF6F94716FBD940099F2324 = {
						CreatedOnToolsVersion = "26.0";
						SystemCapabilities = {
							com.apple.SignInWithApple = {
								enabled = 1;
							};
						com.apple.ApplicationGroups = {
								enabled = 1;
							};
						};
					};
					B3000000000000000000000E = {
						CreatedOnToolsVersion = "26.0";
						SystemCapabilities = { com.apple.ApplicationGroups = { enabled = 1; }; };
					};
					4B556C01A3B5485ECB1BD618 = {
						CreatedOnToolsVersion = "26.0";
						TestTargetID = "5DF6F94716FBD940099F2324";
					};
					A12900000000000000000035 = {
						CreatedOnToolsVersion = "27.0";
						TestTargetID = "5DF6F94716FBD940099F2324";
					};
				};
			};
			buildConfigurationList = "C845F4CCB9DB0D7AEAC322D7";
			compatibilityVersion = "Xcode 14.0";
			developmentRegion = "en";
			hasScannedForEncodings = 0;
			knownRegions = ("en", "zh-Hans", "zh-Hant", "ja", "de", "fr", "es", "it", "pt", "nl", "ko", "Base",);
			mainGroup = "C9914A82A94653DFA8FC0769";
			packageReferences = ("E0BD853C4F100DAA8DCCA53D", "CA2500000000000000000005",);
			productRefGroup = "29493F7A0A1DC0A29D62667D";
			projectDirPath = "";
			projectRoot = "";
			targets = ("5DF6F94716FBD940099F2324", "4B556C01A3B5485ECB1BD618", "B3000000000000000000000E", "A12900000000000000000035",);
		};
	};
	rootObject = "636D07FE5D129B92AEF8A1B0";
}
